# This file is automatically @generated by Cargo.
# It is not intended for manual editing.
version = 4

[[package]]
name = "fanotify-fid"
version = "0.7.0"
source = "registry+https://github.com/rust-lang/crates.io-index"
checksum = "74384a841d86e19723000a0414cb34c839617e2cf0f38a0980f2c609352c742e"
dependencies = [
 "libc",
 "smallvec",
]

[[package]]
name = "fidtest"
version = "0.1.0"
dependencies = [
 "fanotify-fid",
]

[[package]]
name = "libc"
version = "0.2.189"
source = "registry+https://github.com/rust-lang/crates.io-index"
checksum = "3eaf3ede3fee6db1a4c2ee091bf8a8b4dccdc6d17f656fb07896ee72867612f2"

[[package]]
name = "smallvec"
version = "1.16.1"
source = "registry+https://github.com/rust-lang/crates.io-index"
checksum = "ba467056f1b547ed52077911161fc86985becbc60e8e1857c8a144dab0def891"
